{
  "name": "package",
  "version": "1.0.0",
  "lockfileVersion": 1,
  "requires": true,
  "dependencies": {
    "@interactjs/types": {
      "version": "1.9.21",
      "resolved": "https://registry.npmjs.org/@interactjs/types/-/types-1.9.21.tgz",
      "integrity": "sha512-wSGGfJkek9Bt9w3Oe+E1FKoE/8ftx2tdTuqCoHUrDpNs3GJZwX5fC9TWj1AxqezmNdw6mTUGlXRA7v2sN3faUQ=="
    },
    "interactjs": {
      "version": "1.9.21",
      "resolved": "https://registry.npmjs.org/interactjs/-/interactjs-1.9.21.tgz",
      "integrity": "sha512-8nwhvT8Q8+OWpvaNOO3ltI/eQCR6aNETc7KqwsrdjGqKmCyhBf2XnmG6K0paCM/Q0hSV2Kqm+jHhULiYx3uGMg==",
      "requires": {
        "@interactjs/types": "1.9.21"
      }
    }
  }
}
